// !$*UTF8*$!
{
	archiveVersion = 1;
	classes = {
	};
	objectVersion = 56;
	objects = {

/* Begin PBXBuildFile section */
		0C592A062A5C053B002C536B /* Recipe_List_App.swift in Sources */ = {isa = PBXBuildFile; fileRef = 0C592A052A5C053B002C536B /* Recipe_List_App.swift */; };
		0C592A082A5C053B002C536B /* RecipeListView.swift in Sources */ = {isa = PBXBuildFile; fileRef = 0C592A072A5C053B002C536B /* RecipeListView.swift */; };
		0C592A0A2A5C053C002C536B /* Assets.xcassets in Resources */ = {isa = PBXBuildFile; fileRef = 0C592A092A5C053C002C536B /* Assets.xcassets */; };
		0C592A0D2A5C053C002C536B /* Preview Assets.xcassets in Resources */ = {isa = PBXBuildFile; fileRef = 0C592A0C2A5C053C002C536B /* Preview Assets.xcassets */; };
		0C592A1B2A5C0C8A002C536B /* recipes.json in Resources */ = {isa = PBXBuildFile; fileRef = 0C592A1A2A5C0C8A002C536B /* recipes.json */; };
		0C592A1D2A5C34F9002C536B /* Recipe.swift in Sources */ = {isa = PBXBuildFile; fileRef = 0C592A1C2A5C34F9002C536B /* Recipe.swift */; };
		0C592A1F2A5C3893002C536B /* RecipeModel.swift in Sources */ = {isa = PBXBuildFile; fileRef = 0C592A1E2A5C3893002C536B /* RecipeModel.swift */; };
		0C592A212A5C752E002C536B /* DataService.swift in Sources */ = {isa = PBXBuildFile; fileRef = 0C592A202A5C752E002C536B /* DataService.swift */; };
		0C83C2052A5D8AC1000ABB3D /* RecipeDetailView.swift in Sources */ = {isa = PBXBuildFile; fileRef = 0C83C2042A5D8AC1000ABB3D /* RecipeDetailView.swift */; };
		0C86ED862A61BC800043E433 /* RecipeTabView.swift in Sources */ = {isa = PBXBuildFile; fileRef = 0C86ED852A61BC800043E433 /* RecipeTabView.swift */; };
		0C89A7ED2A6476F0004EBDCF /* Rational.swift in Sources */ = {isa = PBXBuildFile; fileRef = 0C89A7EC2A6476F0004EBDCF /* Rational.swift */; };
		0C92DA2C2A62C57800994973 /* RecipeFeaturedView.swift in Sources */ = {isa = PBXBuildFile; fileRef = 0C92DA2B2A62C57800994973 /* RecipeFeaturedView.swift */; };
/* End PBXBuildFile section */

/* Begin PBXFileReference section */
		0C592A022A5C053B002C536B /* Recipe List App.app */ = {isa = PBXFileReference; explicitFileType = wrapper.application; includeInIndex = 0; path = "Recipe List App.app"; sourceTree = BUILT_PRODUCTS_DIR; };
		0C592A052A5C053B002C536B /* Recipe_List_App.swift */ = {isa = PBXFileReference; lastKnownFileType = sourcecode.swift; path = Recipe_List_App.swift; sourceTree = "<group>"; };
		0C592A072A5C053B002C536B /* RecipeListView.swift */ = {isa = PBXFileReference; lastKnownFileType = sourcecode.swift; path = RecipeListView.swift; sourceTree = "<group>"; };
		0C592A092A5C053C002C536B /* Assets.xcassets */ = {isa = PBXFileReference; lastKnownFileType = folder.assetcatalog; path = Assets.xcassets; sourceTree = "<group>"; };
		0C592A0C2A5C053C002C536B /* Preview Assets.xcassets */ = {isa = PBXFileReference; lastKnownFileType = folder.assetcatalog; path = "Preview Assets.xcassets"; sourceTree = "<group>"; };
		0C592A1A2A5C0C8A002C536B /* recipes.json */ = {isa = PBXFileReference; fileEncoding = 4; lastKnownFileType = text.json; path = recipes.json; sourceTree = "<group>"; };
		0C592A1C2A5C34F9002C536B /* Recipe.swift */ = {isa = PBXFileReference; lastKnownFileType = sourcecode.swift; path = Recipe.swift; sourceTree = "<group>"; };
		0C592A1E2A5C3893002C536B /* RecipeModel.swift */ = {isa = PBXFileReference; lastKnownFileType = sourcecode.swift; path = RecipeModel.swift; sourceTree = "<group>"; };
		0C592A202A5C752E002C536B /* DataService.swift */ = {isa = PBXFileReference; lastKnownFileType = sourcecode.swift; path = DataService.swift; sourceTree = "<group>"; };
		0C83C2042A5D8AC1000ABB3D /* RecipeDetailView.swift */ = {isa = PBXFileReference; lastKnownFileType = sourcecode.swift; path = RecipeDetailView.swift; sourceTree = "<group>"; };
		0C86ED852A61BC800043E433 /* RecipeTabView.swift */ = {isa = PBXFileReference; lastKnownFileType = sourcecode.swift; path = RecipeTabView.swift; sourceTree = "<group>"; };
		0C89A7EC2A6476F0004EBDCF /* Rational.swift */ = {isa = PBXFileReference; lastKnownFileType = sourcecode.swift; path = Rational.swift; sourceTree = "<group>"; };
		0C92DA2B2A62C57800994973 /* RecipeFeaturedView.swift */ = {isa = PBXFileReference; lastKnownFileType = sourcecode.swift; path = RecipeFeaturedView.swift; sourceTree = "<group>"; };
/* End PBXFileReference section */

/* Begin PBXFrameworksBuildPhase section */
		0C5929FF2A5C053B002C536B /* Frameworks */ = {
			isa = PBXFrameworksBuildPhase;
			buildActionMask = 2147483647;
			files = (
			);
			runOnlyForDeploymentPostprocessing = 0;
		};
/* End PBXFrameworksBuildPhase section */

/* Begin PBXGroup section */
		0C5929F92A5C053B002C536B = {
			isa = PBXGroup;
			children = (
				0C592A042A5C053B002C536B /* Recipe List App */,
				0C592A032A5C053B002C536B /* Products */,
			);
			sourceTree = "<group>";
		};
		0C592A032A5C053B002C536B /* Products */ = {
			isa = PBXGroup;
			children = (
				0C592A022A5C053B002C536B /* Recipe List App.app */,
			);
			name = Products;
			sourceTree = "<group>";
		};
		0C592A042A5C053B002C536B /* Recipe List App */ = {
			isa = PBXGroup;
			children = (
				0C592A052A5C053B002C536B /* Recipe_List_App.swift */,
				0C592A152A5C09AA002C536B /* Views */,
				0C592A162A5C09C0002C536B /* ViewModels */,
				0C592A172A5C09CE002C536B /* Models */,
				0C592A142A5C099D002C536B /* Services */,
				0C592A132A5C0993002C536B /* Data */,
				0C592A092A5C053C002C536B /* Assets.xcassets */,
				0C89A7EB2A6476C5004EBDCF /* Utilities */,
				0C592A0B2A5C053C002C536B /* Preview Content */,
			);
			path = "Recipe List App";
			sourceTree = "<group>";
		};
		0C592A0B2A5C053C002C536B /* Preview Content */ = {
			isa = PBXGroup;
			children = (
				0C592A0C2A5C053C002C536B /* Preview Assets.xcassets */,
			);
			path = "Preview Content";
			sourceTree = "<group>";
		};
		0C592A132A5C0993002C536B /* Data */ = {
			isa = PBXGroup;
			children = (
				0C592A1A2A5C0C8A002C536B /* recipes.json */,
			);
			path = Data;
			sourceTree = "<group>";
		};
		0C592A142A5C099D002C536B /* Services */ = {
			isa = PBXGroup;
			children = (
				0C592A202A5C752E002C536B /* DataService.swift */,
			);
			path = Services;
			sourceTree = "<group>";
		};
		0C592A152A5C09AA002C536B /* Views */ = {
			isa = PBXGroup;
			children = (
				0C86ED852A61BC800043E433 /* RecipeTabView.swift */,
				0C92DA2B2A62C57800994973 /* RecipeFeaturedView.swift */,
				0C592A072A5C053B002C536B /* RecipeListView.swift */,
				0C83C2042A5D8AC1000ABB3D /* RecipeDetailView.swift */,
			);
			path = Views;
			sourceTree = "<group>";
		};
		0C592A162A5C09C0002C536B /* ViewModels */ = {
			isa = PBXGroup;
			children = (
				0C592A1E2A5C3893002C536B /* RecipeModel.swift */,
			);
			path = ViewModels;
			sourceTree = "<group>";
		};
		0C592A172A5C09CE002C536B /* Models */ = {
			isa = PBXGroup;
			children = (
				0C592A1C2A5C34F9002C536B /* Recipe.swift */,
			);
			path = Models;
			sourceTree = "<group>";
		};
		0C89A7EB2A6476C5004EBDCF /* Utilities */ = {
			isa = PBXGroup;
			children = (
				0C89A7EC2A6476F0004EBDCF /* Rational.swift */,
			);
			path = Utilities;
			sourceTree = "<group>";
		};
/* End PBXGroup section */

/* Begin PBXNativeTarget section */
		0C592A012A5C053B002C536B /* Recipe List App */ = {
			isa = PBXNativeTarget;
			buildConfigurationList = 0C592A102A5C053C002C536B /* Build configuration list for PBXNativeTarget "Recipe List App" */;
			buildPhases = (
				0C5929FE2A5C053B002C536B /* Sources */,
				0C5929FF2A5C053B002C536B /* Frameworks */,
				0C592A002A5C053B002C536B /* Resources */,
			);
			buildRules = (
			);
			dependencies = (
			);
			name = "Recipe List App";
			productName = "Recipe List App";
			productReference = 0C592A022A5C053B002C536B /* Recipe List App.app */;
			productType = "com.apple.product-type.application";
		};
/* End PBXNativeTarget section */

/* Begin PBXProject section */
		0C5929FA2A5C053B002C536B /* Project object */ = {
			isa = PBXProject;
			attributes = {
				BuildIndependentTargetsInParallel = 1;
				LastSwiftUpdateCheck = 1430;
				LastUpgradeCheck = 1430;
				TargetAttributes = {
					0C592A012A5C053B002C536B = {
						CreatedOnToolsVersion = 14.3;
					};
				};
			};
			buildConfigurationList = 0C5929FD2A5C053B002C536B /* Build configuration list for PBXProject "Recipe List App" */;
			compatibilityVersion = "Xcode 14.0";
			developmentRegion = en;
			hasScannedForEncodings = 0;
			knownRegions = (
				en,
				Base,
			);
			mainGroup = 0C5929F92A5C053B002C536B;
			productRefGroup = 0C592A032A5C053B002C536B /* Products */;
			projectDirPath = "";
			projectRoot = "";
			targets = (
				0C592A012A5C053B002C536B /* Recipe List App */,
			);
		};
/* End PBXProject section */

/* Begin PBXResourcesBuildPhase section */
		0C592A002A5C053B002C536B /* Resources */ = {
			isa = PBXResourcesBuildPhase;
			buildActionMask = 2147483647;
			files = (
				0C592A0D2A5C053C002C536B /* Preview Assets.xcassets in Resources */,
				0C592A1B2A5C0C8A002C536B /* recipes.json in Resources */,
				0C592A0A2A5C053C002C536B /* Assets.xcassets in Resources */,
			);
			runOnlyForDeploymentPostprocessing = 0;
		};
/* End PBXResourcesBuildPhase section */

/* Begin PBXSourcesBuildPhase section */
		0C5929FE2A5C053B002C536B /* Sources */ = {
			isa = PBXSourcesBuildPhase;
			buildActionMask = 2147483647;
			files = (
				0C592A1D2A5C34F9002C536B /* Recipe.swift in Sources */,
				0C83C2052A5D8AC1000ABB3D /* RecipeDetailView.swift in Sources */,
				0C89A7ED2A6476F0004EBDCF /* Rational.swift in Sources */,
				0C592A1F2A5C3893002C536B /* RecipeModel.swift in Sources */,
				0C592A082A5C053B002C536B /* RecipeListView.swift in Sources */,
				0C592A062A5C053B002C536B /* Recipe_List_App.swift in Sources */,
				0C592A212A5C752E002C536B /* DataService.swift in Sources */,
				0C92DA2C2A62C57800994973 /* RecipeFeaturedView.swift in Sources */,
				0C86ED862A61BC800043E433 /* RecipeTabView.swift in Sources */,
			);
			runOnlyForDeploymentPostprocessing = 0;
		};
/* End PBXSourcesBuildPhase section */

/* Begin XCBuildConfiguration section */
		0C592A0E2A5C053C002C536B /* Debug */ = {
			isa = XCBuildConfiguration;
			buildSettings = {
				ALWAYS_SEARCH_USER_PATHS = NO;
				CLANG_ANALYZER_NONNULL = YES;
				CLANG_ANALYZER_NUMBER_OBJECT_CONVERSION = YES_AGGRESSIVE;
				CLANG_CXX_LANGUAGE_STANDARD = "gnu++20";
				CLANG_ENABLE_MODULES = YES;
				CLANG_ENABLE_OBJC_ARC = YES;
				CLANG_ENABLE_OBJC_WEAK = YES;
				CLANG_WARN_BLOCK_CAPTURE_AUTORELEASING = YES;
				CLANG_WARN_BOOL_CONVERSION = YES;
				CLANG_WARN_COMMA = YES;
				CLANG_WARN_CONSTANT_CONVERSION = YES;
				CLANG_WARN_DEPRECATED_OBJC_IMPLEMENTATIONS = YES;
				CLANG_WARN_DIRECT_OBJC_ISA_USAGE = YES_ERROR;
				CLANG_WARN_DOCUMENTATION_COMMENTS = YES;
				CLANG_WARN_EMPTY_BODY = YES;
				CLANG_WARN_ENUM_CONVERSION = YES;
				CLANG_WARN_INFINITE_RECURSION = YES;
				CLANG_WARN_INT_CONVERSION = YES;
				CLANG_WARN_NON_LITERAL_NULL_CONVERSION = YES;
				CLANG_WARN_OBJC_IMPLICIT_RETAIN_SELF = YES;
				CLANG_WARN_OBJC_LITERAL_CONVERSION = YES;
				CLANG_WARN_OBJC_ROOT_CLASS = YES_ERROR;
				CLANG_WARN_QUOTED_INCLUDE_IN_FRAMEWORK_HEADER = YES;
				CLANG_WARN_RANGE_LOOP_ANALYSIS = YES;
				CLANG_WARN_STRICT_PROTOTYPES = YES;
				CLANG_WARN_SUSPICIOUS_MOVE = YES;
				CLANG_WARN_UNGUARDED_AVAILABILITY = YES_AGGRESSIVE;
				CLANG_WARN_UNREACHABLE_CODE = YES;
				CLANG_WARN__DUPLICATE_METHOD_MATCH = YES;
				COPY_PHASE_STRIP = NO;
				DEBUG_INFORMATION_FORMAT = dwarf;
				ENABLE_STRICT_OBJC_MSGSEND = YES;
				ENABLE_TESTABILITY = YES;
				GCC_C_LANGUAGE_STANDARD = gnu11;
				GCC_DYNAMIC_NO_PIC = NO;
				GCC_NO_COMMON_BLOCKS = YES;
				GCC_OPTIMIZATION_LEVEL = 0;
				GCC_PREPROCESSOR_DEFINITIONS = (
					"DEBUG=1",
					"$(inherited)",
				);
				GCC_WARN_64_TO_32_BIT_CONVERSION = YES;
				GCC_WARN_ABOUT_RETURN_TYPE = YES_ERROR;
				GCC_WARN_UNDECLARED_SELECTOR = YES;
				GCC_WARN_UNINITIALIZED_AUTOS = YES_AGGRESSIVE;
				GCC_WARN_UNUSED_FUNCTION = YES;
				GCC_WARN_UNUSED_VARIABLE = YES;
				IPHONEOS_DEPLOYMENT_TARGET = 16.4;
				MTL_ENABLE_DEBUG_INFO = INCLUDE_SOURCE;
				MTL_FAST_MATH = YES;
				ONLY_ACTIVE_ARCH = YES;
				SDKROOT = iphoneos;
				SWIFT_ACTIVE_COMPILATION_CONDITIONS = DEBUG;
				SWIFT_OPTIMIZATION_LEVEL = "-Onone";
			};
			name = Debug;
		};
		0C592A0F2A5C053C002C536B /* Release */ = {
			isa = XCBuildConfiguration;
			buildSettings = {
				ALWAYS_SEARCH_USER_PATHS = NO;
				CLANG_ANALYZER_NONNULL = YES;
				CLANG_ANALYZER_NUMBER_OBJECT_CONVERSION = YES_AGGRESSIVE;
				CLANG_CXX_LANGUAGE_STANDARD = "gnu++20";
				CLANG_ENABLE_MODULES = YES;
				CLANG_ENABLE_OBJC_ARC = YES;
				CLANG_ENABLE_OBJC_WEAK = YES;
				CLANG_WARN_BLOCK_CAPTURE_AUTORELEASING = YES;
				CLANG_WARN_BOOL_CONVERSION = YES;
				CLANG_WARN_COMMA = YES;
				CLANG_WARN_CONSTANT_CONVERSION = YES;
				CLANG_WARN_DEPRECATED_OBJC_IMPLEMENTATIONS = YES;
				CLANG_WARN_DIRECT_OBJC_ISA_USAGE = YES_ERROR;
				CLANG_WARN_DOCUMENTATION_COMMENTS = YES;
				CLANG_WARN_EMPTY_BODY = YES;
				CLANG_WARN_ENUM_CONVERSION = YES;
				CLANG_WARN_INFINITE_RECURSION = YES;
				CLANG_WARN_INT_CONVERSION = YES;
				CLANG_WARN_NON_LITERAL_NULL_CONVERSION = YES;
				CLANG_WARN_OBJC_IMPLICIT_RETAIN_SELF = YES;
				CLANG_WARN_OBJC_LITERAL_CONVERSION = YES;
				CLANG_WARN_OBJC_ROOT_CLASS = YES_ERROR;
				CLANG_WARN_QUOTED_INCLUDE_IN_FRAMEWORK_HEADER = YES;
				CLANG_WARN_RANGE_LOOP_ANALYSIS = YES;
				CLANG_WARN_STRICT_PROTOTYPES = YES;
				CLANG_WARN_SUSPICIOUS_MOVE = YES;
				CLANG_WARN_UNGUARDED_AVAILABILITY = YES_AGGRESSIVE;
				CLANG_WARN_UNREACHABLE_CODE = YES;
				CLANG_WARN__DUPLICATE_METHOD_MATCH = YES;
				COPY_PHASE_STRIP = NO;
				DEBUG_INFORMATION_FORMAT = "dwarf-with-dsym";
				ENABLE_NS_ASSERTIONS = NO;
				ENABLE_STRICT_OBJC_MSGSEND = YES;
				GCC_C_LANGUAGE_STANDARD = gnu11;
				GCC_NO_COMMON_BLOCKS = YES;
				GCC_WARN_64_TO_32_BIT_CONVERSION = YES;
				GCC_WARN_ABOUT_RETURN_TYPE = YES_ERROR;
				GCC_WARN_UNDECLARED_SELECTOR = YES;
				GCC_WARN_UNINITIALIZED_AUTOS = YES_AGGRESSIVE;
				GCC_WARN_UNUSED_FUNCTION = YES;
				GCC_WARN_UNUSED_VARIABLE = YES;
				IPHONEOS_DEPLOYMENT_TARGET = 16.4;
				MTL_ENABLE_DEBUG_INFO = NO;
				MTL_FAST_MATH = YES;
				SDKROOT = iphoneos;
				SWIFT_COMPILATION_MODE = wholemodule;
				SWIFT_OPTIMIZATION_LEVEL = "-O";
				VALIDATE_PRODUCT = YES;
			};
			name = Release;
		};
		0C592A112A5C053C002C536B /* Debug */ = {
			isa = XCBuildConfiguration;
			buildSettings = {
				ASSETCATALOG_COMPILER_APPICON_NAME = AppIcon;
				ASSETCATALOG_COMPILER_GLOBAL_ACCENT_COLOR_NAME = AccentColor;
				CODE_SIGN_STYLE = Automatic;
				CURRENT_PROJECT_VERSION = 1;
				DEVELOPMENT_ASSET_PATHS = "\"Recipe List App/Preview Content\"";
				DEVELOPMENT_TEAM = 57N2LB8CNR;
				ENABLE_PREVIEWS = YES;
				GENERATE_INFOPLIST_FILE = YES;
				INFOPLIST_KEY_UIApplicationSceneManifest_Generation = YES;
				INFOPLIST_KEY_UIApplicationSupportsIndirectInputEvents = YES;
				INFOPLIST_KEY_UILaunchScreen_Generation = YES;
				INFOPLIST_KEY_UISupportedInterfaceOrientations_iPad = "UIInterfaceOrientationPortrait UIInterfaceOrientationPortraitUpsideDown UIInterfaceOrientationLandscapeLeft UIInterfaceOrientationLandscapeRight";
				INFOPLIST_KEY_UISupportedInterfaceOrientations_iPhone = "UIInterfaceOrientationPortrait UIInterfaceOrientationLandscapeLeft UIInterfaceOrientationLandscapeRight";
				LD_RUNPATH_SEARCH_PATHS = (
					"$(inherited)",
					"@executable_path/Frameworks",
				);
				MARKETING_VERSION = 1.0;
				PRODUCT_BUNDLE_IDENTIFIER = "co.kai.Recipe-List-App";
				PRODUCT_NAME = "$(TARGET_NAME)";
				SWIFT_EMIT_LOC_STRINGS = YES;
				SWIFT_VERSION = 5.0;
				TARGETED_DEVICE_FAMILY = "1,2";
			};
			name = Debug;
		};
		0C592A122A5C053C002C536B /* Release */ = {
			isa = XCBuildConfiguration;
			buildSettings = {
				ASSETCATALOG_COMPILER_APPICON_NAME = AppIcon;
				ASSETCATALOG_COMPILER_GLOBAL_ACCENT_COLOR_NAME = AccentColor;
				CODE_SIGN_STYLE = Automatic;
				CURRENT_PROJECT_VERSION = 1;
				DEVELOPMENT_ASSET_PATHS = "\"Recipe List App/Preview Content\"";
				DEVELOPMENT_TEAM = 57N2LB8CNR;
				ENABLE_PREVIEWS = YES;
				GENERATE_INFOPLIST_FILE = YES;
				INFOPLIST_KEY_UIApplicationSceneManifest_Generation = YES;
				INFOPLIST_KEY_UIApplicationSupportsIndirectInputEvents = YES;
				INFOPLIST_KEY_UILaunchScreen_Generation = YES;
				INFOPLIST_KEY_UISupportedInterfaceOrientations_iPad = "UIInterfaceOrientationPortrait UIInterfaceOrientationPortraitUpsideDown UIInterfaceOrientationLandscapeLeft UIInterfaceOrientationLandscapeRight";
				INFOPLIST_KEY_UISupportedInterfaceOrientations_iPhone = "UIInterfaceOrientationPortrait UIInterfaceOrientationLandscapeLeft UIInterfaceOrientationLandscapeRight";
				LD_RUNPATH_SEARCH_PATHS = (
					"$(inherited)",
					"@executable_path/Frameworks",
				);
				MARKETING_VERSION = 1.0;
				PRODUCT_BUNDLE_IDENTIFIER = "co.kai.Recipe-List-App";
				PRODUCT_NAME = "$(TARGET_NAME)";
				SWIFT_EMIT_LOC_STRINGS = YES;
				SWIFT_VERSION = 5.0;
				TARGETED_DEVICE_FAMILY = "1,2";
			};
			name = Release;
		};
/* End XCBuildConfiguration section */

/* Begin XCConfigurationList section */
		0C5929FD2A5C053B002C536B /* Build configuration list for PBXProject "Recipe List App" */ = {
			isa = XCConfigurationList;
			buildConfigurations = (
				0C592A0E2A5C053C002C536B /* Debug */,
				0C592A0F2A5C053C002C536B /* Release */,
			);
			defaultConfigurationIsVisible = 0;
			defaultConfigurationName = Release;
		};
		0C592A102A5C053C002C536B /* Build configuration list for PBXNativeTarget "Recipe List App" */ = {
			isa = XCConfigurationList;
			buildConfigurations = (
				0C592A112A5C053C002C536B /* Debug */,
				0C592A122A5C053C002C536B /* Release */,
			);
			defaultConfigurationIsVisible = 0;
			defaultConfigurationName = Release;
		};
/* End XCConfigurationList section */
	};
	rootObject = 0C5929FA2A5C053B002C536B /* Project object */;
}
